
Microsoft Visual Studio Solution File, Format Version 12.00
# Visual Studio Version 17
VisualStudioVersion = 17.4.33213.308
MinimumVisualStudioVersion = 10.0.40219.1
Project("{FAE04EC0-301F-11D3-BF4B-00C04F79EFBC}") = "PassionProject2", "PassionProject2\PassionProject2.csproj", "{A73A764C-485F-4CE9-B6B1-A897743DAC5C}"
EndProject
Global
	GlobalSection(SolutionConfigurationPlatforms) = preSolution
		Debug|Any CPU = Debug|Any CPU
		Release|Any CPU = Release|Any CPU
	EndGlobalSection
	GlobalSection(ProjectConfigurationPlatforms) = postSolution
		{A73A764C-485F-4CE9-B6B1-A897743DAC5C}.Debug|Any CPU.ActiveCfg = Debug|Any CPU
		{A73A764C-485F-4CE9-B6B1-A897743DAC5C}.Debug|Any CPU.Build.0 = Debug|Any CPU
		{A73A764C-485F-4CE9-B6B1-A897743DAC5C}.Release|Any CPU.ActiveCfg = Release|Any CPU
		{A73A764C-485F-4CE9-B6B1-A897743DAC5C}.Release|Any CPU.Build.0 = Release|Any CPU
	EndGlobalSection
	GlobalSection(SolutionProperties) = preSolution
		HideSolutionNode = FALSE
	EndGlobalSection
	GlobalSection(ExtensibilityGlobals) = postSolution
		SolutionGuid = {EE0137E3-F3C5-43B9-85AC-6DFCB6B9A85E}
	EndGlobalSection
EndGlobal
